
Microsoft Visual Studio Solution File, Format Version 12.00
# Visual Studio Version 16
VisualStudioVersion = 16.0.29905.134
MinimumVisualStudioVersion = 10.0.40219.1
Project("{FAE04EC0-301F-11D3-BF4B-00C04F79EFBC}") = "EveneumSample", "EveneumSample\EveneumSample.csproj", "{0338B55E-99EC-4B7B-AFFE-BE865B312CD7}"
EndProject
Global
	GlobalSection(SolutionConfigurationPlatforms) = preSolution
		Debug|Any CPU = Debug|Any CPU
		Release|Any CPU = Release|Any CPU
	EndGlobalSection
	GlobalSection(ProjectConfigurationPlatforms) = postSolution
		{0338B55E-99EC-4B7B-AFFE-BE865B312CD7}.Debug|Any CPU.ActiveCfg = Debug|Any CPU
		{0338B55E-99EC-4B7B-AFFE-BE865B312CD7}.Debug|Any CPU.Build.0 = Debug|Any CPU
		{0338B55E-99EC-4B7B-AFFE-BE865B312CD7}.Release|Any CPU.ActiveCfg = Release|Any CPU
		{0338B55E-99EC-4B7B-AFFE-BE865B312CD7}.Release|Any CPU.Build.0 = Release|Any CPU
	EndGlobalSection
	GlobalSection(SolutionProperties) = preSolution
		HideSolutionNode = FALSE
	EndGlobalSection
	GlobalSection(ExtensibilityGlobals) = postSolution
		SolutionGuid = {C54ABC36-686B-4D98-9432-DD9ACC482684}
	EndGlobalSection
EndGlobal
